
Microsoft Visual Studio Solution File, Format Version 12.00
# Visual Studio Version 17
VisualStudioVersion = 17.11.35312.102
MinimumVisualStudioVersion = 10.0.40219.1
Project("{2150E333-8FDC-42A3-9474-1A3956D46DE8}") = "Task0", "Task0", "{A6A5F5A8-E2D1-471C-8536-93A44F733B2E}"
EndProject
Project("{9A19103F-16F7-4668-BE54-9A1E7A4F7556}") = "Tyuiu.GalimovAA.Sprint1.Task0.V2", "Tyuiu.GalimovAA.Sprint1.Task0.V2\Tyuiu.GalimovAA.Sprint1.Task0.V2.csproj", "{796A216A-4CB8-40C9-95D4-4E5D185C7681}"
EndProject
Project("{9A19103F-16F7-4668-BE54-9A1E7A4F7556}") = "Tyuiu.GalimovAA.Sprint1.Task0.V2.Lib", "Tyuiu.GalimovAA.Sprint1.Task0.V2.Lib\Tyuiu.GalimovAA.Sprint1.Task0.V2.Lib.csproj", "{78B9B0A3-09E3-4EC7-82BB-DA172977789E}"
EndProject
Project("{9A19103F-16F7-4668-BE54-9A1E7A4F7556}") = "Tyuiu.GalimovAA.Sprint1.Task0.V2.Test", "Tyuiu.GalimovAA.Sprint1.Task0.V2.Test\Tyuiu.GalimovAA.Sprint1.Task0.V2.Test.csproj", "{4D1928CA-07A0-48D1-9C9E-665B989BDB7C}"
EndProject
Project("{2150E333-8FDC-42A3-9474-1A3956D46DE8}") = "Task2", "Task2", "{B5523B6C-946D-4B00-AC20-596F07DB9836}"
EndProject
Project("{2150E333-8FDC-42A3-9474-1A3956D46DE8}") = "Task3", "Task3", "{59E23949-D1D7-4E87-B6E9-B6E75A4936D6}"
EndProject
Project("{2150E333-8FDC-42A3-9474-1A3956D46DE8}") = "Task4", "Task4", "{C0E506EF-B617-4AD8-B7C0-BEBD04C8CBAB}"
EndProject
Project("{2150E333-8FDC-42A3-9474-1A3956D46DE8}") = "Task5", "Task5", "{0FE88101-117A-41C3-83E3-F6F65C7BA319}"
EndProject
Project("{2150E333-8FDC-42A3-9474-1A3956D46DE8}") = "Task6", "Task6", "{740A7ED2-819E-404F-852C-6102F7ED196D}"
EndProject
Project("{2150E333-8FDC-42A3-9474-1A3956D46DE8}") = "Task7", "Task7", "{F4103BBA-0381-4A28-A06A-07F1E5207AEB}"
EndProject
Project("{2150E333-8FDC-42A3-9474-1A3956D46DE8}") = "Task1", "Task1", "{D2A27977-3013-436D-B7BA-16701D8791EA}"
EndProject
Project("{9A19103F-16F7-4668-BE54-9A1E7A4F7556}") = "Tyuiu.GalimovAA.Sprint1.Task1.V27", "Tyuiu.GalimovAA.Sprint1.Task1.V27\Tyuiu.GalimovAA.Sprint1.Task1.V27.csproj", "{0AB0E109-B36E-4371-B45C-9EE6A832C3B9}"
EndProject
Project("{9A19103F-16F7-4668-BE54-9A1E7A4F7556}") = "Tyuiu.GalimovAA.Sprint1.Task1.V27.Lib", "Tyuiu.GalimovAA.Sprint1.Task1.V27.Lib\Tyuiu.GalimovAA.Sprint1.Task1.V27.Lib.csproj", "{CADD5878-86A9-4C4A-9AEF-D8640D8CCA57}"
EndProject
Project("{9A19103F-16F7-4668-BE54-9A1E7A4F7556}") = "Tyuiu.GalimovAA.Sprint1.Task1.V27.Test", "Tyuiu.GalimovAA.Sprint1.Task1.V27.Test\Tyuiu.GalimovAA.Sprint1.Task1.V27.Test.csproj", "{34BFB50C-675B-4C1A-A6F1-21BD56559B2B}"
EndProject
Project("{FAE04EC0-301F-11D3-BF4B-00C04F79EFBC}") = "Tyuiu.GalimovAA.Sprint1.Task2.V18", "Tyuiu.GalimovAA.Sprint1.Task2.V18\Tyuiu.GalimovAA.Sprint1.Task2.V18.csproj", "{CECD1A35-FAC2-4566-A63E-B3F52057F3CB}"
EndProject
Project("{FAE04EC0-301F-11D3-BF4B-00C04F79EFBC}") = "Tyuiu.GalimovAA.Sprint1.Task2.V18.Lib", "Tyuiu.GalimovAA.Sprint1.Task2.V18.Lib\Tyuiu.GalimovAA.Sprint1.Task2.V18.Lib.csproj", "{E96BCAB5-95EA-44DA-8E6C-0D02BCE5C9BA}"
EndProject
Project("{FAE04EC0-301F-11D3-BF4B-00C04F79EFBC}") = "Tyuiu.GalimovAA.Sprint1.Task2.V18.Test", "Tyuiu.GalimovAA.Sprint1.Task2.V18.Test\Tyuiu.GalimovAA.Sprint1.Task2.V18.Test.csproj", "{79AD6B73-967E-4D49-97F7-0E49872B4579}"
EndProject
Project("{FAE04EC0-301F-11D3-BF4B-00C04F79EFBC}") = "Tyuiu.GalimovAA.Sprint1.Task3.V15", "Tyuiu.GalimovAA.Sprint1.Task3.V15\Tyuiu.GalimovAA.Sprint1.Task3.V15.csproj", "{C6C867E8-B595-49DD-8314-5CF27CD5C680}"
EndProject
Project("{FAE04EC0-301F-11D3-BF4B-00C04F79EFBC}") = "Tyuiu.GalimovAA.Sprint1.Task3.V15.Lib", "Tyuiu.GalimovAA.Sprint1.Task3.V15.Lib\Tyuiu.GalimovAA.Sprint1.Task3.V15.Lib.csproj", "{EA283B46-FAE3-4363-815E-6B20EA691031}"
EndProject
Project("{FAE04EC0-301F-11D3-BF4B-00C04F79EFBC}") = "Tyuiu.GalimovAA.Sprint1.Task3.V15.Test", "Tyuiu.GalimovAA.Sprint1.Task3.V15.Test\Tyuiu.GalimovAA.Sprint1.Task3.V15.Test.csproj", "{027E318F-A2FD-4494-BEE6-667EB889AB8B}"
EndProject
Project("{FAE04EC0-301F-11D3-BF4B-00C04F79EFBC}") = "Tyuiu.GalimovAA.Sprint1.Task4.V3", "Tyuiu.GalimovAA.Sprint1.Task4.V3\Tyuiu.GalimovAA.Sprint1.Task4.V3.csproj", "{93B35C8E-EA03-4D3E-9102-0FECFE1CEA96}"
EndProject
Project("{FAE04EC0-301F-11D3-BF4B-00C04F79EFBC}") = "Tyuiu.GalimovAA.Sprint1.Task4.V3.Lib", "Tyuiu.GalimovAA.Sprint1.Task4.V3.Lib\Tyuiu.GalimovAA.Sprint1.Task4.V3.Lib.csproj", "{C2EA7680-4056-4A94-A304-9FDA41D1D38C}"
EndProject
Project("{FAE04EC0-301F-11D3-BF4B-00C04F79EFBC}") = "Tyuiu.GalimovAA.Sprint1.Task4.V3.Test", "Tyuiu.GalimovAA.Sprint1.Task4.V3.Test\Tyuiu.GalimovAA.Sprint1.Task4.V3.Test.csproj", "{BDBA3AD1-8159-4C05-A795-8D489542E99B}"
EndProject
Project("{FAE04EC0-301F-11D3-BF4B-00C04F79EFBC}") = "Tyuiu.GalimovAA.Sprint1.Task5.V1", "Tyuiu.GalimovAA.Sprint1.Task5.V1\Tyuiu.GalimovAA.Sprint1.Task5.V1.csproj", "{9E9019FD-8887-4451-A9F4-CB93928A8450}"
EndProject
Project("{FAE04EC0-301F-11D3-BF4B-00C04F79EFBC}") = "Tyuiu.GalimovAA.Sprint1.Task5.V1.Lib", "Tyuiu.GalimovAA.Sprint1.Task5.V1.Lib\Tyuiu.GalimovAA.Sprint1.Task5.V1.Lib.csproj", "{A68A74E1-1756-42EF-A0E9-B6D961475A39}"
EndProject
Project("{FAE04EC0-301F-11D3-BF4B-00C04F79EFBC}") = "Tyuiu.GalimovAA.Sprint1.Task5.V1.Test", "Tyuiu.GalimovAA.Sprint1.Task5.V1.Test\Tyuiu.GalimovAA.Sprint1.Task5.V1.Test.csproj", "{F5BDD445-9412-4012-935D-66A6829D6407}"
EndProject
Global
	GlobalSection(SolutionConfigurationPlatforms) = preSolution
		Debug|Any CPU = Debug|Any CPU
		Release|Any CPU = Release|Any CPU
	EndGlobalSection
	GlobalSection(ProjectConfigurationPlatforms) = postSolution
		{796A216A-4CB8-40C9-95D4-4E5D185C7681}.Debug|Any CPU.ActiveCfg = Debug|Any CPU
		{796A216A-4CB8-40C9-95D4-4E5D185C7681}.Debug|Any CPU.Build.0 = Debug|Any CPU
		{796A216A-4CB8-40C9-95D4-4E5D185C7681}.Release|Any CPU.ActiveCfg = Release|Any CPU
		{796A216A-4CB8-40C9-95D4-4E5D185C7681}.Release|Any CPU.Build.0 = Release|Any CPU
		{78B9B0A3-09E3-4EC7-82BB-DA172977789E}.Debug|Any CPU.ActiveCfg = Debug|Any CPU
		{78B9B0A3-09E3-4EC7-82BB-DA172977789E}.Debug|Any CPU.Build.0 = Debug|Any CPU
		{78B9B0A3-09E3-4EC7-82BB-DA172977789E}.Release|Any CPU.ActiveCfg = Release|Any CPU
		{78B9B0A3-09E3-4EC7-82BB-DA172977789E}.Release|Any CPU.Build.0 = Release|Any CPU
		{4D1928CA-07A0-48D1-9C9E-665B989BDB7C}.Debug|Any CPU.ActiveCfg = Debug|Any CPU
		{4D1928CA-07A0-48D1-9C9E-665B989BDB7C}.Debug|Any CPU.Build.0 = Debug|Any CPU
		{4D1928CA-07A0-48D1-9C9E-665B989BDB7C}.Release|Any CPU.ActiveCfg = Release|Any CPU
		{4D1928CA-07A0-48D1-9C9E-665B989BDB7C}.Release|Any CPU.Build.0 = Release|Any CPU
		{0AB0E109-B36E-4371-B45C-9EE6A832C3B9}.Debug|Any CPU.ActiveCfg = Debug|Any CPU
		{0AB0E109-B36E-4371-B45C-9EE6A832C3B9}.Debug|Any CPU.Build.0 = Debug|Any CPU
		{0AB0E109-B36E-4371-B45C-9EE6A832C3B9}.Release|Any CPU.ActiveCfg = Release|Any CPU
		{0AB0E109-B36E-4371-B45C-9EE6A832C3B9}.Release|Any CPU.Build.0 = Release|Any CPU
		{CADD5878-86A9-4C4A-9AEF-D8640D8CCA57}.Debug|Any CPU.ActiveCfg = Debug|Any CPU
		{CADD5878-86A9-4C4A-9AEF-D8640D8CCA57}.Debug|Any CPU.Build.0 = Debug|Any CPU
		{CADD5878-86A9-4C4A-9AEF-D8640D8CCA57}.Release|Any CPU.ActiveCfg = Release|Any CPU
		{CADD5878-86A9-4C4A-9AEF-D8640D8CCA57}.Release|Any CPU.Build.0 = Release|Any CPU
		{34BFB50C-675B-4C1A-A6F1-21BD56559B2B}.Debug|Any CPU.ActiveCfg = Debug|Any CPU
		{34BFB50C-675B-4C1A-A6F1-21BD56559B2B}.Debug|Any CPU.Build.0 = Debug|Any CPU
		{34BFB50C-675B-4C1A-A6F1-21BD56559B2B}.Release|Any CPU.ActiveCfg = Release|Any CPU
		{34BFB50C-675B-4C1A-A6F1-21BD56559B2B}.Release|Any CPU.Build.0 = Release|Any CPU
		{CECD1A35-FAC2-4566-A63E-B3F52057F3CB}.Debug|Any CPU.ActiveCfg = Debug|Any CPU
		{CECD1A35-FAC2-4566-A63E-B3F52057F3CB}.Debug|Any CPU.Build.0 = Debug|Any CPU
		{CECD1A35-FAC2-4566-A63E-B3F52057F3CB}.Release|Any CPU.ActiveCfg = Release|Any CPU
		{CECD1A35-FAC2-4566-A63E-B3F52057F3CB}.Release|Any CPU.Build.0 = Release|Any CPU
		{E96BCAB5-95EA-44DA-8E6C-0D02BCE5C9BA}.Debug|Any CPU.ActiveCfg = Debug|Any CPU
		{E96BCAB5-95EA-44DA-8E6C-0D02BCE5C9BA}.Debug|Any CPU.Build.0 = Debug|Any CPU
		{E96BCAB5-95EA-44DA-8E6C-0D02BCE5C9BA}.Release|Any CPU.ActiveCfg = Release|Any CPU
		{E96BCAB5-95EA-44DA-8E6C-0D02BCE5C9BA}.Release|Any CPU.Build.0 = Release|Any CPU
		{79AD6B73-967E-4D49-97F7-0E49872B4579}.Debug|Any CPU.ActiveCfg = Debug|Any CPU
		{79AD6B73-967E-4D49-97F7-0E49872B4579}.Debug|Any CPU.Build.0 = Debug|Any CPU
		{79AD6B73-967E-4D49-97F7-0E49872B4579}.Release|Any CPU.ActiveCfg = Release|Any CPU
		{79AD6B73-967E-4D49-97F7-0E49872B4579}.Release|Any CPU.Build.0 = Release|Any CPU
		{C6C867E8-B595-49DD-8314-5CF27CD5C680}.Debug|Any CPU.ActiveCfg = Debug|Any CPU
		{C6C867E8-B595-49DD-8314-5CF27CD5C680}.Debug|Any CPU.Build.0 = Debug|Any CPU
		{C6C867E8-B595-49DD-8314-5CF27CD5C680}.Release|Any CPU.ActiveCfg = Release|Any CPU
		{C6C867E8-B595-49DD-8314-5CF27CD5C680}.Release|Any CPU.Build.0 = Release|Any CPU
		{EA283B46-FAE3-4363-815E-6B20EA691031}.Debug|Any CPU.ActiveCfg = Debug|Any CPU
		{EA283B46-FAE3-4363-815E-6B20EA691031}.Debug|Any CPU.Build.0 = Debug|Any CPU
		{EA283B46-FAE3-4363-815E-6B20EA691031}.Release|Any CPU.ActiveCfg = Release|Any CPU
		{EA283B46-FAE3-4363-815E-6B20EA691031}.Release|Any CPU.Build.0 = Release|Any CPU
		{027E318F-A2FD-4494-BEE6-667EB889AB8B}.Debug|Any CPU.ActiveCfg = Debug|Any CPU
		{027E318F-A2FD-4494-BEE6-667EB889AB8B}.Debug|Any CPU.Build.0 = Debug|Any CPU
		{027E318F-A2FD-4494-BEE6-667EB889AB8B}.Release|Any CPU.ActiveCfg = Release|Any CPU
		{027E318F-A2FD-4494-BEE6-667EB889AB8B}.Release|Any CPU.Build.0 = Release|Any CPU
		{93B35C8E-EA03-4D3E-9102-0FECFE1CEA96}.Debug|Any CPU.ActiveCfg = Debug|Any CPU
		{93B35C8E-EA03-4D3E-9102-0FECFE1CEA96}.Debug|Any CPU.Build.0 = Debug|Any CPU
		{93B35C8E-EA03-4D3E-9102-0FECFE1CEA96}.Release|Any CPU.ActiveCfg = Release|Any CPU
		{93B35C8E-EA03-4D3E-9102-0FECFE1CEA96}.Release|Any CPU.Build.0 = Release|Any CPU
		{C2EA7680-4056-4A94-A304-9FDA41D1D38C}.Debug|Any CPU.ActiveCfg = Debug|Any CPU
		{C2EA7680-4056-4A94-A304-9FDA41D1D38C}.Debug|Any CPU.Build.0 = Debug|Any CPU
		{C2EA7680-4056-4A94-A304-9FDA41D1D38C}.Release|Any CPU.ActiveCfg = Release|Any CPU
		{C2EA7680-4056-4A94-A304-9FDA41D1D38C}.Release|Any CPU.Build.0 = Release|Any CPU
		{BDBA3AD1-8159-4C05-A795-8D489542E99B}.Debug|Any CPU.ActiveCfg = Debug|Any CPU
		{BDBA3AD1-8159-4C05-A795-8D489542E99B}.Debug|Any CPU.Build.0 = Debug|Any CPU
		{BDBA3AD1-8159-4C05-A795-8D489542E99B}.Release|Any CPU.ActiveCfg = Release|Any CPU
		{BDBA3AD1-8159-4C05-A795-8D489542E99B}.Release|Any CPU.Build.0 = Release|Any CPU
		{9E9019FD-8887-4451-A9F4-CB93928A8450}.Debug|Any CPU.ActiveCfg = Debug|Any CPU
		{9E9019FD-8887-4451-A9F4-CB93928A8450}.Debug|Any CPU.Build.0 = Debug|Any CPU
		{9E9019FD-8887-4451-A9F4-CB93928A8450}.Release|Any CPU.ActiveCfg = Release|Any CPU
		{9E9019FD-8887-4451-A9F4-CB93928A8450}.Release|Any CPU.Build.0 = Release|Any CPU
		{A68A74E1-1756-42EF-A0E9-B6D961475A39}.Debug|Any CPU.ActiveCfg = Debug|Any CPU
		{A68A74E1-1756-42EF-A0E9-B6D961475A39}.Debug|Any CPU.Build.0 = Debug|Any CPU
		{A68A74E1-1756-42EF-A0E9-B6D961475A39}.Release|Any CPU.ActiveCfg = Release|Any CPU
		{A68A74E1-1756-42EF-A0E9-B6D961475A39}.Release|Any CPU.Build.0 = Release|Any CPU
		{F5BDD445-9412-4012-935D-66A6829D6407}.Debug|Any CPU.ActiveCfg = Debug|Any CPU
		{F5BDD445-9412-4012-935D-66A6829D6407}.Debug|Any CPU.Build.0 = Debug|Any CPU
		{F5BDD445-9412-4012-935D-66A6829D6407}.Release|Any CPU.ActiveCfg = Release|Any CPU
		{F5BDD445-9412-4012-935D-66A6829D6407}.Release|Any CPU.Build.0 = Release|Any CPU
	EndGlobalSection
	GlobalSection(SolutionProperties) = preSolution
		HideSolutionNode = FALSE
	EndGlobalSection
	GlobalSection(NestedProjects) = preSolution
		{796A216A-4CB8-40C9-95D4-4E5D185C7681} = {A6A5F5A8-E2D1-471C-8536-93A44F733B2E}
		{78B9B0A3-09E3-4EC7-82BB-DA172977789E} = {A6A5F5A8-E2D1-471C-8536-93A44F733B2E}
		{4D1928CA-07A0-48D1-9C9E-665B989BDB7C} = {A6A5F5A8-E2D1-471C-8536-93A44F733B2E}
		{0AB0E109-B36E-4371-B45C-9EE6A832C3B9} = {D2A27977-3013-436D-B7BA-16701D8791EA}
		{CADD5878-86A9-4C4A-9AEF-D8640D8CCA57} = {D2A27977-3013-436D-B7BA-16701D8791EA}
		{34BFB50C-675B-4C1A-A6F1-21BD56559B2B} = {D2A27977-3013-436D-B7BA-16701D8791EA}
		{CECD1A35-FAC2-4566-A63E-B3F52057F3CB} = {B5523B6C-946D-4B00-AC20-596F07DB9836}
		{E96BCAB5-95EA-44DA-8E6C-0D02BCE5C9BA} = {B5523B6C-946D-4B00-AC20-596F07DB9836}
		{79AD6B73-967E-4D49-97F7-0E49872B4579} = {B5523B6C-946D-4B00-AC20-596F07DB9836}
		{C6C867E8-B595-49DD-8314-5CF27CD5C680} = {59E23949-D1D7-4E87-B6E9-B6E75A4936D6}
		{EA283B46-FAE3-4363-815E-6B20EA691031} = {59E23949-D1D7-4E87-B6E9-B6E75A4936D6}
		{027E318F-A2FD-4494-BEE6-667EB889AB8B} = {59E23949-D1D7-4E87-B6E9-B6E75A4936D6}
		{93B35C8E-EA03-4D3E-9102-0FECFE1CEA96} = {C0E506EF-B617-4AD8-B7C0-BEBD04C8CBAB}
		{C2EA7680-4056-4A94-A304-9FDA41D1D38C} = {C0E506EF-B617-4AD8-B7C0-BEBD04C8CBAB}
		{BDBA3AD1-8159-4C05-A795-8D489542E99B} = {C0E506EF-B617-4AD8-B7C0-BEBD04C8CBAB}
		{9E9019FD-8887-4451-A9F4-CB93928A8450} = {0FE88101-117A-41C3-83E3-F6F65C7BA319}
		{A68A74E1-1756-42EF-A0E9-B6D961475A39} = {0FE88101-117A-41C3-83E3-F6F65C7BA319}
		{F5BDD445-9412-4012-935D-66A6829D6407} = {0FE88101-117A-41C3-83E3-F6F65C7BA319}
	EndGlobalSection
	GlobalSection(ExtensibilityGlobals) = postSolution
		SolutionGuid = {27417766-6C94-41F2-9C85-6BF0C94AD610}
	EndGlobalSection
EndGlobal
